{
    "name": "node-bun",
    "lockfileVersion": 3,
    "requires": true,
    "packages": {
        "": {
            "devDependencies": {
                "bun": "^1.2.4",
                "rust-wasmpack-loader": "file:../../"
            }
        },
        "../..": {
            "name": "rust-wasmpack-loader",
            "version": "3.1.3",
            "dev": true,
            "license": "MIT",
            "dependencies": {
                "json2toml": "^6.1.1",
                "loader-utils": "^3.3.1",
                "lodash": "^4.17.21",
                "schema-utils": "^4.3.0",
                "toml": "^3.0.0",
                "wasm-pack": "^0.13.1",
                "which": "^5.0.0"
            },
            "devDependencies": {
                "@eslint/eslintrc": "^3.3.0",
                "@eslint/js": "^9.21.0",
                "@kesills/eslint-config-airbnb-typescript": "^20.0.0",
                "@types/bun": "^1.2.4",
                "@typescript-eslint/parser": "^8.26.0",
                "eslint": "^8.57.1",
                "eslint-config-prettier": "^9.1.0",
                "eslint-plugin-import": "^2.31.0",
                "eslint-plugin-jest": "^28.11.0",
                "eslint-plugin-prettier": "^5.2.3",
                "globals": "^16.0.0",
                "jest": "^29.7.0",
                "npm-check-updates": "^17.1.15",
                "prettier": "^3.5.3",
                "typescript": "^5.8.2"
            },
            "engines": {
                "node": ">=18.0.0"
            },
            "peerDependencies": {
                "webpack": "^5.0.0"
            }
        },
        "node_modules/@oven/bun-darwin-aarch64": {
            "version": "1.2.4",
            "resolved": "https://registry.npmjs.org/@oven/bun-darwin-aarch64/-/bun-darwin-aarch64-1.2.4.tgz",
            "integrity": "sha512-xBz/Q7X6AFwMg7MXtBemjjt5uB+tvEYBmi9Zbm1r8qnI2V8m/Smuhma0EARhiVfLuIAYj2EM5qjzxeAFV4TBJA==",
            "cpu": [
                "arm64"
            ],
            "dev": true,
            "license": "MIT",
            "optional": true,
            "os": [
                "darwin"
            ]
        },
        "node_modules/@oven/bun-darwin-x64": {
            "version": "1.2.4",
            "resolved": "https://registry.npmjs.org/@oven/bun-darwin-x64/-/bun-darwin-x64-1.2.4.tgz",
            "integrity": "sha512-ufyty+2754QCFDhq447H39JiqabMlFRItLn1YFp+2hdpKak7KCYLGOUuHnlr1pmImKJzDHURjnvTTq1QRlUWAA==",
            "cpu": [
                "x64"
            ],
            "dev": true,
            "license": "MIT",
            "optional": true,
            "os": [
                "darwin"
            ]
        },
        "node_modules/@oven/bun-darwin-x64-baseline": {
            "version": "1.2.4",
            "resolved": "https://registry.npmjs.org/@oven/bun-darwin-x64-baseline/-/bun-darwin-x64-baseline-1.2.4.tgz",
            "integrity": "sha512-stsq8vBiYgfGunBGlf2M7ST7Ymyw3WnwrxEeJ04vkKmMEEE2LpX8Rkol6UPRvZawab9s9/scFIRgFi6hu9H4SQ==",
            "cpu": [
                "x64"
            ],
            "dev": true,
            "license": "MIT",
            "optional": true,
            "os": [
                "darwin"
            ]
        },
        "node_modules/@oven/bun-linux-aarch64": {
            "version": "1.2.4",
            "resolved": "https://registry.npmjs.org/@oven/bun-linux-aarch64/-/bun-linux-aarch64-1.2.4.tgz",
            "integrity": "sha512-OhVpzme2vvLA7w8GYeJg2SQ2h2CwJQN9oYDiGeoML4EwE+DEoYHdxgaBZsQySOwZtFIr8ufpc/8iD4hssJ50qg==",
            "cpu": [
                "arm64"
            ],
            "dev": true,
            "license": "MIT",
            "optional": true,
            "os": [
                "linux"
            ]
        },
        "node_modules/@oven/bun-linux-aarch64-musl": {
            "version": "1.2.4",
            "resolved": "https://registry.npmjs.org/@oven/bun-linux-aarch64-musl/-/bun-linux-aarch64-musl-1.2.4.tgz",
            "integrity": "sha512-+lxWF7up9MuB1ZdGxXCH3AH3XmYtdBC6soQ38+yg3+y3iOPrAlSG+wytHEkypN/UU2mGvCuaEED3cMvejrGdDw==",
            "cpu": [
                "aarch64"
            ],
            "dev": true,
            "license": "MIT",
            "optional": true,
            "os": [
                "linux"
            ]
        },
        "node_modules/@oven/bun-linux-x64": {
            "version": "1.2.4",
            "resolved": "https://registry.npmjs.org/@oven/bun-linux-x64/-/bun-linux-x64-1.2.4.tgz",
            "integrity": "sha512-oof3ii92Cz2yIOZRbVFHMHmffCutRPFITIdXLZ2/rkqVuKUe0ZdqWjHPhxJFm31AL9MlJ/dSqDbPb51SaLI7tw==",
            "cpu": [
                "x64"
            ],
            "dev": true,
            "license": "MIT",
            "optional": true,
            "os": [
                "linux"
            ]
        },
        "node_modules/@oven/bun-linux-x64-baseline": {
            "version": "1.2.4",
            "resolved": "https://registry.npmjs.org/@oven/bun-linux-x64-baseline/-/bun-linux-x64-baseline-1.2.4.tgz",
            "integrity": "sha512-3nmDDZJH73MzhBg2sRYioj4CE8wgaz0w24OieMqj4/c44BbNr3X5RewrldsMD2cU6DtVbi52FuD5WpTw3N8nmw==",
            "cpu": [
                "x64"
            ],
            "dev": true,
            "license": "MIT",
            "optional": true,
            "os": [
                "linux"
            ]
        },
        "node_modules/@oven/bun-linux-x64-musl": {
            "version": "1.2.4",
            "resolved": "https://registry.npmjs.org/@oven/bun-linux-x64-musl/-/bun-linux-x64-musl-1.2.4.tgz",
            "integrity": "sha512-cLdMbK7srNoUbYSG3Tp4GYdPAO0+5mgUhdbU053GZs0DLQmQ8h1JQhALp+ZjrUWstmQe7ddcNu7l7EAu6E76XA==",
            "cpu": [
                "x64"
            ],
            "dev": true,
            "license": "MIT",
            "optional": true,
            "os": [
                "linux"
            ]
        },
        "node_modules/@oven/bun-linux-x64-musl-baseline": {
            "version": "1.2.4",
            "resolved": "https://registry.npmjs.org/@oven/bun-linux-x64-musl-baseline/-/bun-linux-x64-musl-baseline-1.2.4.tgz",
            "integrity": "sha512-qDsUvKCW0WUlVOt6Yx5eEzxgCbvzuSJBsu0sXtr6uGt8TnMKghmliRO5FmiMLQ0k/PUDA8vPJCtuv5k14bDi6g==",
            "cpu": [
                "x64"
            ],
            "dev": true,
            "license": "MIT",
            "optional": true,
            "os": [
                "linux"
            ]
        },
        "node_modules/@oven/bun-windows-x64": {
            "version": "1.2.4",
            "resolved": "https://registry.npmjs.org/@oven/bun-windows-x64/-/bun-windows-x64-1.2.4.tgz",
            "integrity": "sha512-4YRJd4pdaTWEM+uawYmchOeNv874RGAFpIZQubWnN4SBf6HfcDm0OMMZcm0f0I70Wd5gbPg1+rvCRtDZWVmZog==",
            "cpu": [
                "x64"
            ],
            "dev": true,
            "license": "MIT",
            "optional": true,
            "os": [
                "win32"
            ]
        },
        "node_modules/@oven/bun-windows-x64-baseline": {
            "version": "1.2.4",
            "resolved": "https://registry.npmjs.org/@oven/bun-windows-x64-baseline/-/bun-windows-x64-baseline-1.2.4.tgz",
            "integrity": "sha512-j/G4bnfsRAiCvpTADda40m29iSGvueIaF9Kc9hBu4jN8dTS9fEXdNNXuf8c30/z7/npxw2dhzsAn8jbc5QvD1A==",
            "cpu": [
                "x64"
            ],
            "dev": true,
            "license": "MIT",
            "optional": true,
            "os": [
                "win32"
            ]
        },
        "node_modules/bun": {
            "version": "1.2.4",
            "resolved": "https://registry.npmjs.org/bun/-/bun-1.2.4.tgz",
            "integrity": "sha512-ZY0EZ/UKqheaLeAtMsfJA6jWoWvV9HAtfFaOJSmS3LrNpFKs1Sg5fZLSsczN1h3a+Dtheo4O3p3ZYWrf40kRGw==",
            "cpu": [
                "arm64",
                "x64",
                "aarch64"
            ],
            "dev": true,
            "hasInstallScript": true,
            "license": "MIT",
            "os": [
                "darwin",
                "linux",
                "win32"
            ],
            "bin": {
                "bun": "bin/bun.exe",
                "bunx": "bin/bun.exe"
            },
            "optionalDependencies": {
                "@oven/bun-darwin-aarch64": "1.2.4",
                "@oven/bun-darwin-x64": "1.2.4",
                "@oven/bun-darwin-x64-baseline": "1.2.4",
                "@oven/bun-linux-aarch64": "1.2.4",
                "@oven/bun-linux-aarch64-musl": "1.2.4",
                "@oven/bun-linux-x64": "1.2.4",
                "@oven/bun-linux-x64-baseline": "1.2.4",
                "@oven/bun-linux-x64-musl": "1.2.4",
                "@oven/bun-linux-x64-musl-baseline": "1.2.4",
                "@oven/bun-windows-x64": "1.2.4",
                "@oven/bun-windows-x64-baseline": "1.2.4"
            }
        },
        "node_modules/rust-wasmpack-loader": {
            "resolved": "../..",
            "link": true
        }
    }
}
