{
    "name": "node-bun",
    "lockfileVersion": 3,
    "requires": true,
    "packages": {
        "": {
            "devDependencies": {
                "bun": "^1.4.2",
                "rust-wasmpack-loader": "file:../../"
            }
        },
        "../..": {
            "name": "rust-wasmpack-loader",
            "version": "4.3.0",
            "dev": true,
            "license": "MIT",
            "dependencies": {
                "json2toml": "^7.0.1",
                "loader-utils": "^3.3.1",
                "lodash": "^4.18.1",
                "schema-utils": "^4.5.0",
                "toml": "^5.0.0",
                "typescript": "^6.0.3",
                "wasm-pack": "^0.15.0",
                "which": "^7.0.0"
            },
            "bin": {
                "rust-wasmpack-loader": "bin/rust-wasmpack-loader.js"
            },
            "devDependencies": {
                "@eslint/js": "^9.39.5",
                "@types/bun": "^1.4.2",
                "eslint": "^9.39.5",
                "eslint-config-airbnb-extended": "^3.2.0",
                "eslint-config-prettier": "^10.1.8",
                "eslint-plugin-prettier": "^5.5.6",
                "globals": "^17.12.0",
                "npm-check-updates": "^23.1.0",
                "prettier": "^3.9.8",
                "prism-react-renderer": "^2.4.1"
            },
            "engines": {
                "node": "^22.22.2 || >=24.0.0"
            },
            "peerDependencies": {
                "@rspack/core": ">=1.0.0",
                "bun": "1.x.x",
                "electron": ">=20",
                "esbuild": ">=0.17.0",
                "next": ">=14",
                "rollup": ">=4.0.0",
                "vite": ">=5.0.0",
                "webpack": "^5.0.0"
            },
            "peerDependenciesMeta": {
                "@rspack/core": {
                    "optional": true
                },
                "bun": {
                    "optional": true
                },
                "electron": {
                    "optional": true
                },
                "esbuild": {
                    "optional": true
                },
                "next": {
                    "optional": true
                },
                "rollup": {
                    "optional": true
                },
                "vite": {
                    "optional": true
                },
                "webpack": {
                    "optional": true
                }
            }
        },
        "node_modules/@oven/bun-darwin-aarch64": {
            "version": "1.4.2",
            "resolved": "https://registry.npmjs.org/@oven/bun-darwin-aarch64/-/bun-darwin-aarch64-1.4.2.tgz",
            "integrity": "sha512-MXdZkP1featqxZ+/VTXWG1BVjM4OGBehVY2Q88EeUj/7L0UMeCGItmyPYTN+wxvlGJ6F66JEtzsw+GvQWewnag==",
            "cpu": [
                "arm64"
            ],
            "dev": true,
            "license": "MIT",
            "optional": true,
            "os": [
                "darwin"
            ]
        },
        "node_modules/@oven/bun-darwin-x64": {
            "version": "1.4.2",
            "resolved": "https://registry.npmjs.org/@oven/bun-darwin-x64/-/bun-darwin-x64-1.4.2.tgz",
            "integrity": "sha512-gZTxZuLjkUhAWjTETu3tw0WhsEdNkJ64daj60ybhPf835a2yollV3yTkK9JozvzKPx4TRFzLSl8C+U525pxVbw==",
            "cpu": [
                "x64"
            ],
            "dev": true,
            "license": "MIT",
            "optional": true,
            "os": [
                "darwin"
            ]
        },
        "node_modules/@oven/bun-freebsd-aarch64": {
            "version": "1.4.2",
            "resolved": "https://registry.npmjs.org/@oven/bun-freebsd-aarch64/-/bun-freebsd-aarch64-1.4.2.tgz",
            "integrity": "sha512-SMNItMw1Z8QeeQVKnw8jA7xQNkeXdP+OPgin4Wi/QTx/B8RHHLnuZfqmFy7NtVeT2NF0kKYppW4WWd2CCYZjhQ==",
            "cpu": [
                "arm64"
            ],
            "dev": true,
            "license": "MIT",
            "optional": true,
            "os": [
                "freebsd"
            ]
        },
        "node_modules/@oven/bun-freebsd-x64": {
            "version": "1.4.2",
            "resolved": "https://registry.npmjs.org/@oven/bun-freebsd-x64/-/bun-freebsd-x64-1.4.2.tgz",
            "integrity": "sha512-THbPKXhO54N0DpFRKZNDZpQ7dpbX0bWASuARckAUS9wRtFIHsiY+uULXJvxJGo2YD1YewvXQ4G8Fj7XT5oBCiw==",
            "cpu": [
                "x64"
            ],
            "dev": true,
            "license": "MIT",
            "optional": true,
            "os": [
                "freebsd"
            ]
        },
        "node_modules/@oven/bun-linux-aarch64": {
            "version": "1.4.2",
            "resolved": "https://registry.npmjs.org/@oven/bun-linux-aarch64/-/bun-linux-aarch64-1.4.2.tgz",
            "integrity": "sha512-3BBP9ovJ2RGHFH6Ae1CAtxNtG1+YY6GD6rmYbsUosoAk9+OEl6zeDQ/k4fBkc6dYOJCtWnx8hUxzNzQATSmvYQ==",
            "cpu": [
                "arm64"
            ],
            "dev": true,
            "libc": [
                "glibc"
            ],
            "license": "MIT",
            "optional": true,
            "os": [
                "linux"
            ]
        },
        "node_modules/@oven/bun-linux-aarch64-android": {
            "version": "1.4.2",
            "resolved": "https://registry.npmjs.org/@oven/bun-linux-aarch64-android/-/bun-linux-aarch64-android-1.4.2.tgz",
            "integrity": "sha512-3mZKO2rhsNgbAUtAHC1UKUlF2zTxFraDZT/Elv8wzyH0fJL9h+Iv3TgB9lO63w89PRn3eFe+NRA1bhVgikKNPQ==",
            "cpu": [
                "arm64"
            ],
            "dev": true,
            "license": "MIT",
            "optional": true,
            "os": [
                "android"
            ]
        },
        "node_modules/@oven/bun-linux-aarch64-musl": {
            "version": "1.4.2",
            "resolved": "https://registry.npmjs.org/@oven/bun-linux-aarch64-musl/-/bun-linux-aarch64-musl-1.4.2.tgz",
            "integrity": "sha512-+Sm6y+lSiSFBOtXmnekp5Q6n1tUKlyv71FCPWBc61Cgb14T5eBs8SN/nh4MUCOKzONkI3O+as3MGUgikS4aCBQ==",
            "cpu": [
                "arm64"
            ],
            "dev": true,
            "libc": [
                "musl"
            ],
            "license": "MIT",
            "optional": true,
            "os": [
                "linux"
            ]
        },
        "node_modules/@oven/bun-linux-x64": {
            "version": "1.4.2",
            "resolved": "https://registry.npmjs.org/@oven/bun-linux-x64/-/bun-linux-x64-1.4.2.tgz",
            "integrity": "sha512-9/E/UXOTpSo3YsV5g+FhtTd/qTpiWoKuxS12cqtuYA1ssu9fRAoPQnipFgGyck3tWO63iUdxBiygq+kELFawng==",
            "cpu": [
                "x64"
            ],
            "dev": true,
            "libc": [
                "glibc"
            ],
            "license": "MIT",
            "optional": true,
            "os": [
                "linux"
            ]
        },
        "node_modules/@oven/bun-linux-x64-android": {
            "version": "1.4.2",
            "resolved": "https://registry.npmjs.org/@oven/bun-linux-x64-android/-/bun-linux-x64-android-1.4.2.tgz",
            "integrity": "sha512-6HC5tzcC79113n2IHCTJMWv+HsQImv4ZFEK2XpYLxY6HbT8tM4cUM2Zv1bHZBQsS3jv/zYBamDJ1UX7If0d5tw==",
            "cpu": [
                "x64"
            ],
            "dev": true,
            "license": "MIT",
            "optional": true,
            "os": [
                "android"
            ]
        },
        "node_modules/@oven/bun-linux-x64-musl": {
            "version": "1.4.2",
            "resolved": "https://registry.npmjs.org/@oven/bun-linux-x64-musl/-/bun-linux-x64-musl-1.4.2.tgz",
            "integrity": "sha512-vVTKUg1bnPhRP/Hp73jIVoFh2vPFNYEqYX0ERKfZBOQEEHitNAeukZzzuUDZS0SoDCIpuWUGSpd/CDMbjdR+Uw==",
            "cpu": [
                "x64"
            ],
            "dev": true,
            "libc": [
                "musl"
            ],
            "license": "MIT",
            "optional": true,
            "os": [
                "linux"
            ]
        },
        "node_modules/@oven/bun-windows-aarch64": {
            "version": "1.4.2",
            "resolved": "https://registry.npmjs.org/@oven/bun-windows-aarch64/-/bun-windows-aarch64-1.4.2.tgz",
            "integrity": "sha512-8EJ1ST7339WJE3poPW5nBgVW/lWf9HBz4W27ZUNhburKmcBLOByPyE6DP9fHD8FQGm5c+ilUN2hX1mrW0jxq9Q==",
            "cpu": [
                "arm64"
            ],
            "dev": true,
            "license": "MIT",
            "optional": true,
            "os": [
                "win32"
            ]
        },
        "node_modules/@oven/bun-windows-x64": {
            "version": "1.4.2",
            "resolved": "https://registry.npmjs.org/@oven/bun-windows-x64/-/bun-windows-x64-1.4.2.tgz",
            "integrity": "sha512-+bN6OuVld/9diT/RLSXSW7JE6CvNE3gL9XsAEjULi1nUsXd6DNO6GuA9jNdNb3r8PdJFnYHr5aypNV1Oj3Rd9g==",
            "cpu": [
                "x64"
            ],
            "dev": true,
            "license": "MIT",
            "optional": true,
            "os": [
                "win32"
            ]
        },
        "node_modules/bun": {
            "version": "1.4.2",
            "resolved": "https://registry.npmjs.org/bun/-/bun-1.4.2.tgz",
            "integrity": "sha512-TrSXo6HJfIEaczpb3kjX82I2pL47vK1QUNmHRCUdz9IzaOwa9lzOXSWwu2l18YHE3sNfGRapVLd4nNm+22vVVA==",
            "cpu": [
                "arm64",
                "x64"
            ],
            "dev": true,
            "hasInstallScript": true,
            "license": "MIT",
            "os": [
                "darwin",
                "linux",
                "android",
                "freebsd",
                "win32"
            ],
            "bin": {
                "bun": "bin/bun.exe",
                "bunx": "bin/bunx.exe"
            },
            "optionalDependencies": {
                "@oven/bun-darwin-aarch64": "1.4.2",
                "@oven/bun-darwin-x64": "1.4.2",
                "@oven/bun-freebsd-aarch64": "1.4.2",
                "@oven/bun-freebsd-x64": "1.4.2",
                "@oven/bun-linux-aarch64": "1.4.2",
                "@oven/bun-linux-aarch64-android": "1.4.2",
                "@oven/bun-linux-aarch64-musl": "1.4.2",
                "@oven/bun-linux-x64": "1.4.2",
                "@oven/bun-linux-x64-android": "1.4.2",
                "@oven/bun-linux-x64-musl": "1.4.2",
                "@oven/bun-windows-aarch64": "1.4.2",
                "@oven/bun-windows-x64": "1.4.2"
            }
        },
        "node_modules/rust-wasmpack-loader": {
            "resolved": "../..",
            "link": true
        }
    }
}
