{
    "name": "node-bun",
    "lockfileVersion": 3,
    "requires": true,
    "packages": {
        "": {
            "devDependencies": {
                "bun": "^1.1.33",
                "rust-wasmpack-loader": "file:../../"
            }
        },
        "../..": {
            "name": "rust-wasmpack-loader",
            "version": "3.1.2",
            "dev": true,
            "license": "MIT",
            "dependencies": {
                "json2toml": "^6.1.1",
                "loader-utils": "^3.3.1",
                "lodash": "^4.17.21",
                "schema-utils": "^4.2.0",
                "toml": "^3.0.0",
                "wasm-pack": "^0.13.1",
                "which": "^5.0.0"
            },
            "devDependencies": {
                "@types/bun": "^1.1.12",
                "@typescript-eslint/eslint-plugin": "^7.18.0",
                "@typescript-eslint/parser": "^7.18.0",
                "eslint": "^8.57.1",
                "eslint-config-airbnb-base": "^15.0.0",
                "eslint-config-airbnb-typescript": "^18.0.0",
                "eslint-config-prettier": "^9.1.0",
                "eslint-plugin-import": "^2.31.0",
                "eslint-plugin-jest": "^28.8.3",
                "eslint-plugin-prettier": "^5.2.1",
                "jest": "^29.7.0",
                "npm-check-updates": "^17.1.9",
                "prettier": "^3.3.3",
                "typescript": "^5.6.3"
            },
            "engines": {
                "node": ">=18.0.0"
            },
            "peerDependencies": {
                "webpack": "^5.0.0"
            }
        },
        "node_modules/@oven/bun-darwin-aarch64": {
            "version": "1.1.33",
            "resolved": "https://registry.npmjs.org/@oven/bun-darwin-aarch64/-/bun-darwin-aarch64-1.1.33.tgz",
            "integrity": "sha512-HF2lVCkfKlugBwVVuwYb1AIiewCSKq+6KaojbRzMlZM2V2nBSfBE5wefRxfU76dJQIcnxnplX8GKiCd7rZeUfg==",
            "cpu": [
                "arm64"
            ],
            "dev": true,
            "optional": true,
            "os": [
                "darwin"
            ]
        },
        "node_modules/@oven/bun-darwin-x64": {
            "version": "1.1.33",
            "resolved": "https://registry.npmjs.org/@oven/bun-darwin-x64/-/bun-darwin-x64-1.1.33.tgz",
            "integrity": "sha512-Smc0Au8CPPmD4rYEOnhW+lxvVZVcnPkWXPMObl8cPOuV3Ue8cVZQVsbP6deumLfECrDvthsCPVKx2fRPYUixJQ==",
            "cpu": [
                "x64"
            ],
            "dev": true,
            "optional": true,
            "os": [
                "darwin"
            ]
        },
        "node_modules/@oven/bun-darwin-x64-baseline": {
            "version": "1.1.33",
            "resolved": "https://registry.npmjs.org/@oven/bun-darwin-x64-baseline/-/bun-darwin-x64-baseline-1.1.33.tgz",
            "integrity": "sha512-gjc4oiFhgqTVhC4LVfhqevuacmHHucmzPK4tsQshU0GdPdbvSihfpbFrK74+uPXipV+pJ2zIg2UK2OJpUblMng==",
            "cpu": [
                "x64"
            ],
            "dev": true,
            "optional": true,
            "os": [
                "darwin"
            ]
        },
        "node_modules/@oven/bun-linux-aarch64": {
            "version": "1.1.33",
            "resolved": "https://registry.npmjs.org/@oven/bun-linux-aarch64/-/bun-linux-aarch64-1.1.33.tgz",
            "integrity": "sha512-HpD4t8Ip4BswMVoCmT97fjNUlPP+HNWp18PaarLLx6WhU8A1Ua9XyX1W1UjEYqjrAsEMs972H69e+76ZSRX+Pw==",
            "cpu": [
                "arm64"
            ],
            "dev": true,
            "optional": true,
            "os": [
                "linux"
            ]
        },
        "node_modules/@oven/bun-linux-x64": {
            "version": "1.1.33",
            "resolved": "https://registry.npmjs.org/@oven/bun-linux-x64/-/bun-linux-x64-1.1.33.tgz",
            "integrity": "sha512-aODJGbky+osqyh7T4LITqu5CJYq9XAz5f507EJIBwBU3ZbYQ/1eNv+0nu5wHvTafj29g8tlBhgVDpkrWc3u3pA==",
            "cpu": [
                "x64"
            ],
            "dev": true,
            "optional": true,
            "os": [
                "linux"
            ]
        },
        "node_modules/@oven/bun-linux-x64-baseline": {
            "version": "1.1.33",
            "resolved": "https://registry.npmjs.org/@oven/bun-linux-x64-baseline/-/bun-linux-x64-baseline-1.1.33.tgz",
            "integrity": "sha512-u/VKLCdozwjKk+8en3EMK1ZQGSnnYIZR85w8bU60ZPzFau+jV43TkqBTWYi9JzDxNDMR66b18iWuxlPNUBK7ew==",
            "cpu": [
                "x64"
            ],
            "dev": true,
            "optional": true,
            "os": [
                "linux"
            ]
        },
        "node_modules/@oven/bun-windows-x64": {
            "version": "1.1.33",
            "resolved": "https://registry.npmjs.org/@oven/bun-windows-x64/-/bun-windows-x64-1.1.33.tgz",
            "integrity": "sha512-ldFk0tywL1m56RzVXYbO+0s48N1/UGPpAay/yN7zYR5LM/A97YGEtCydc2tULwI7uabQgzDI423LDL184uR6ig==",
            "cpu": [
                "x64"
            ],
            "dev": true,
            "optional": true,
            "os": [
                "win32"
            ]
        },
        "node_modules/@oven/bun-windows-x64-baseline": {
            "version": "1.1.33",
            "resolved": "https://registry.npmjs.org/@oven/bun-windows-x64-baseline/-/bun-windows-x64-baseline-1.1.33.tgz",
            "integrity": "sha512-Ouiiv7bVPuoqjFCXc4HiRJ+ttrGiNsXQfv/8Wtsc5bSBuBBCjmKy0I2MpFXZV3YSi8Jp7LEzoYM0Kv1AvX7ySQ==",
            "cpu": [
                "x64"
            ],
            "dev": true,
            "optional": true,
            "os": [
                "win32"
            ]
        },
        "node_modules/bun": {
            "version": "1.1.33",
            "resolved": "https://registry.npmjs.org/bun/-/bun-1.1.33.tgz",
            "integrity": "sha512-pNcxhsh87TURsaXwwLnOggb1HWdSDgOOjupTuXINmQUZeZ4UzLeVK8h8trzIVA0ECijDex94AkAQ5/JG4r5gkg==",
            "cpu": [
                "arm64",
                "x64"
            ],
            "dev": true,
            "hasInstallScript": true,
            "os": [
                "darwin",
                "linux",
                "win32"
            ],
            "bin": {
                "bun": "bin/bun.exe",
                "bunx": "bin/bun.exe"
            },
            "optionalDependencies": {
                "@oven/bun-darwin-aarch64": "1.1.33",
                "@oven/bun-darwin-x64": "1.1.33",
                "@oven/bun-darwin-x64-baseline": "1.1.33",
                "@oven/bun-linux-aarch64": "1.1.33",
                "@oven/bun-linux-x64": "1.1.33",
                "@oven/bun-linux-x64-baseline": "1.1.33",
                "@oven/bun-windows-x64": "1.1.33",
                "@oven/bun-windows-x64-baseline": "1.1.33"
            }
        },
        "node_modules/rust-wasmpack-loader": {
            "resolved": "../..",
            "link": true
        }
    }
}
