{
    "name": "rspack",
    "lockfileVersion": 3,
    "requires": true,
    "packages": {
        "": {
            "devDependencies": {
                "@rspack/cli": "^2.2.6",
                "@rspack/core": "^2.2.6",
                "rust-wasmpack-loader": "file:../..",
                "webpack-node-externals": "^3.0.0"
            },
            "engines": {
                "node": ">=22.22.2"
            }
        },
        "../..": {
            "name": "rust-wasmpack-loader",
            "version": "4.3.0",
            "dev": true,
            "license": "MIT",
            "dependencies": {
                "json2toml": "^7.0.1",
                "loader-utils": "^3.3.1",
                "lodash": "^4.18.1",
                "schema-utils": "^4.5.0",
                "toml": "^5.0.0",
                "typescript": "^6.0.3",
                "wasm-pack": "^0.15.0",
                "which": "^7.0.0"
            },
            "bin": {
                "rust-wasmpack-loader": "bin/rust-wasmpack-loader.js"
            },
            "devDependencies": {
                "@eslint/js": "^9.39.5",
                "@types/bun": "^1.4.2",
                "eslint": "^9.39.5",
                "eslint-config-airbnb-extended": "^3.2.0",
                "eslint-config-prettier": "^10.1.8",
                "eslint-plugin-prettier": "^5.5.6",
                "globals": "^17.12.0",
                "npm-check-updates": "^23.1.0",
                "prettier": "^3.9.8",
                "prism-react-renderer": "^2.4.1"
            },
            "engines": {
                "node": "^22.22.2 || >=24.0.0"
            },
            "peerDependencies": {
                "@rspack/core": ">=1.0.0",
                "bun": "1.x.x",
                "electron": ">=20",
                "esbuild": ">=0.17.0",
                "next": ">=14",
                "rollup": ">=4.0.0",
                "vite": ">=5.0.0",
                "webpack": "^5.0.0"
            },
            "peerDependenciesMeta": {
                "@rspack/core": {
                    "optional": true
                },
                "bun": {
                    "optional": true
                },
                "electron": {
                    "optional": true
                },
                "esbuild": {
                    "optional": true
                },
                "next": {
                    "optional": true
                },
                "rollup": {
                    "optional": true
                },
                "vite": {
                    "optional": true
                },
                "webpack": {
                    "optional": true
                }
            }
        },
        "node_modules/@emnapi/core": {
            "version": "1.11.3",
            "resolved": "https://registry.npmjs.org/@emnapi/core/-/core-1.11.3.tgz",
            "integrity": "sha512-zLpS5asjEb7lq8jYLq37N6XKaE41DIexlY1rF/z4/tIl3wo13Sqm28fRyfIsKZD+NZ8mM5RoKkpW/rBcuoSZSg==",
            "dev": true,
            "license": "MIT",
            "optional": true,
            "dependencies": {
                "@emnapi/wasi-threads": "1.2.3",
                "tslib": "^2.4.0"
            }
        },
        "node_modules/@emnapi/runtime": {
            "version": "1.11.3",
            "resolved": "https://registry.npmjs.org/@emnapi/runtime/-/runtime-1.11.3.tgz",
            "integrity": "sha512-Xz4Tpyki7XyrpbUK1jR1AhdAdaXyhhY4lZ3neLodmhpuWfy2PAQN5B46sAiU4liOXGLkHypn/qU+jvfWSCYYLA==",
            "dev": true,
            "license": "MIT",
            "optional": true,
            "dependencies": {
                "tslib": "^2.4.0"
            }
        },
        "node_modules/@emnapi/wasi-threads": {
            "version": "1.2.3",
            "resolved": "https://registry.npmjs.org/@emnapi/wasi-threads/-/wasi-threads-1.2.3.tgz",
            "integrity": "sha512-ELEBe8PsLvvJ6QMr0zLt8ffvOHW/dc1m3CEzNMg7aJUv3bMaoDtw2TXyDAwkYBuroxxuHEwhRTLJSe5sya547g==",
            "dev": true,
            "license": "MIT",
            "optional": true,
            "dependencies": {
                "tslib": "^2.4.0"
            }
        },
        "node_modules/@napi-rs/wasm-runtime": {
            "version": "1.1.6",
            "resolved": "https://registry.npmjs.org/@napi-rs/wasm-runtime/-/wasm-runtime-1.1.6.tgz",
            "integrity": "sha512-ZLv/JdUfkvOy9eCnnBaGfiO+XimbjebAeO+MRQqD/B+FR1tnRN0tpKSJHRbE8sFfS6aqsXZ67TQjfwfsxULVbg==",
            "dev": true,
            "license": "MIT",
            "optional": true,
            "dependencies": {
                "@tybys/wasm-util": "^0.10.3"
            },
            "funding": {
                "type": "github",
                "url": "https://github.com/sponsors/Brooooooklyn"
            },
            "peerDependencies": {
                "@emnapi/core": "^1.7.1",
                "@emnapi/runtime": "^1.7.1"
            }
        },
        "node_modules/@rspack/binding": {
            "version": "2.2.6",
            "resolved": "https://registry.npmjs.org/@rspack/binding/-/binding-2.2.6.tgz",
            "integrity": "sha512-bCB4a7KKaQpPNlkExf27AmLJabeGjpjXlhnCdvmSIHHlT3YfpYz2CSKOLLLI/BcBez8zUBNDVmvswm3ggCCRqA==",
            "dev": true,
            "license": "MIT",
            "optionalDependencies": {
                "@rspack/binding-darwin-arm64": "2.2.6",
                "@rspack/binding-darwin-x64": "2.2.6",
                "@rspack/binding-linux-arm64-gnu": "2.2.6",
                "@rspack/binding-linux-arm64-musl": "2.2.6",
                "@rspack/binding-linux-ppc64-gnu": "2.2.6",
                "@rspack/binding-linux-riscv64-gnu": "2.2.6",
                "@rspack/binding-linux-riscv64-musl": "2.2.6",
                "@rspack/binding-linux-s390x-gnu": "2.2.6",
                "@rspack/binding-linux-x64-gnu": "2.2.6",
                "@rspack/binding-linux-x64-musl": "2.2.6",
                "@rspack/binding-wasm32-wasi": "2.2.6",
                "@rspack/binding-win32-arm64-msvc": "2.2.6",
                "@rspack/binding-win32-ia32-msvc": "2.2.6",
                "@rspack/binding-win32-x64-msvc": "2.2.6"
            }
        },
        "node_modules/@rspack/binding-darwin-arm64": {
            "version": "2.2.6",
            "resolved": "https://registry.npmjs.org/@rspack/binding-darwin-arm64/-/binding-darwin-arm64-2.2.6.tgz",
            "integrity": "sha512-y8I8MAeKAOYuLqEKYQSmNFcW4dI1u5O+xYQcjT1L3Gby02KEt0YxlmSPvzElSQJUjsJ8PkKqU3U1suDjA6xvkg==",
            "cpu": [
                "arm64"
            ],
            "dev": true,
            "license": "MIT",
            "optional": true,
            "os": [
                "darwin"
            ]
        },
        "node_modules/@rspack/binding-darwin-x64": {
            "version": "2.2.6",
            "resolved": "https://registry.npmjs.org/@rspack/binding-darwin-x64/-/binding-darwin-x64-2.2.6.tgz",
            "integrity": "sha512-+zhtUAP+nZON1lSlqOFJWW2VpIXRZ4/NQskYe0xohELI4Fr6xun/Oh8dIMt+Nviamvo7lbO9XURrFio1+Fziog==",
            "cpu": [
                "x64"
            ],
            "dev": true,
            "license": "MIT",
            "optional": true,
            "os": [
                "darwin"
            ]
        },
        "node_modules/@rspack/binding-linux-arm64-gnu": {
            "version": "2.2.6",
            "resolved": "https://registry.npmjs.org/@rspack/binding-linux-arm64-gnu/-/binding-linux-arm64-gnu-2.2.6.tgz",
            "integrity": "sha512-7GI9xlkzVMAp9dbNvynvAreMjQQNw01b+khYYfmoQOgWXTUwrtzR7/JhJ3tijVQTXkyiYAKJ0RPvz57yD+p1vQ==",
            "cpu": [
                "arm64"
            ],
            "dev": true,
            "libc": [
                "glibc"
            ],
            "license": "MIT",
            "optional": true,
            "os": [
                "linux"
            ]
        },
        "node_modules/@rspack/binding-linux-arm64-musl": {
            "version": "2.2.6",
            "resolved": "https://registry.npmjs.org/@rspack/binding-linux-arm64-musl/-/binding-linux-arm64-musl-2.2.6.tgz",
            "integrity": "sha512-klkjpGdeROzRiGSk2amfeZBAh0vWu0GjX5xKKQfRR4IqKQxURGCQafbvl3VX5XrHEUnKFzag89Lyv+ZVx5eTCw==",
            "cpu": [
                "arm64"
            ],
            "dev": true,
            "libc": [
                "musl"
            ],
            "license": "MIT",
            "optional": true,
            "os": [
                "linux"
            ]
        },
        "node_modules/@rspack/binding-linux-ppc64-gnu": {
            "version": "2.2.6",
            "resolved": "https://registry.npmjs.org/@rspack/binding-linux-ppc64-gnu/-/binding-linux-ppc64-gnu-2.2.6.tgz",
            "integrity": "sha512-TpLZr49oU31EuEqVDczpbfLZ6c976zu8HspBuUWYj1Ra4SNeOHhINKE1i42OVw2DCEMpsz8Tv3tYyLVACGC8JA==",
            "cpu": [
                "ppc64"
            ],
            "dev": true,
            "libc": [
                "glibc"
            ],
            "license": "MIT",
            "optional": true,
            "os": [
                "linux"
            ]
        },
        "node_modules/@rspack/binding-linux-riscv64-gnu": {
            "version": "2.2.6",
            "resolved": "https://registry.npmjs.org/@rspack/binding-linux-riscv64-gnu/-/binding-linux-riscv64-gnu-2.2.6.tgz",
            "integrity": "sha512-gU3Ki8Lt6cE4qRM62959/28GG3XQUZsnvstgDULJpkHR5QFGYXUhOoPe2fpyWYrLw6+t9lWXBuI/gUez1zc8Sg==",
            "cpu": [
                "riscv64"
            ],
            "dev": true,
            "libc": [
                "glibc"
            ],
            "license": "MIT",
            "optional": true,
            "os": [
                "linux"
            ]
        },
        "node_modules/@rspack/binding-linux-riscv64-musl": {
            "version": "2.2.6",
            "resolved": "https://registry.npmjs.org/@rspack/binding-linux-riscv64-musl/-/binding-linux-riscv64-musl-2.2.6.tgz",
            "integrity": "sha512-OQRvU8HT9rGmtgdpieO722IrGViDlR0D6yjqbt7S51b+saBPwJ8Nf3fwMtpZnBo1djV2BGXK00L34jYypeChrw==",
            "cpu": [
                "riscv64"
            ],
            "dev": true,
            "libc": [
                "musl"
            ],
            "license": "MIT",
            "optional": true,
            "os": [
                "linux"
            ]
        },
        "node_modules/@rspack/binding-linux-s390x-gnu": {
            "version": "2.2.6",
            "resolved": "https://registry.npmjs.org/@rspack/binding-linux-s390x-gnu/-/binding-linux-s390x-gnu-2.2.6.tgz",
            "integrity": "sha512-pus4Z76+J1iRO5Gutc6pq1LkyVhXqi0Sw6o5Dxwtl3sSbVy+F5PJkxtAT+DEg07pQy5m3dCymz2CIpiFlwYLTQ==",
            "cpu": [
                "s390x"
            ],
            "dev": true,
            "libc": [
                "glibc"
            ],
            "license": "MIT",
            "optional": true,
            "os": [
                "linux"
            ]
        },
        "node_modules/@rspack/binding-linux-x64-gnu": {
            "version": "2.2.6",
            "resolved": "https://registry.npmjs.org/@rspack/binding-linux-x64-gnu/-/binding-linux-x64-gnu-2.2.6.tgz",
            "integrity": "sha512-M0Efi9ny2cJ6VdhHxsZbcwdRCQ0HqBAsnPxPB8Ulknj+VtRlWnTlX/DlqMaHFuCb0MOWS6DXGGEAZ8veEil0BA==",
            "cpu": [
                "x64"
            ],
            "dev": true,
            "libc": [
                "glibc"
            ],
            "license": "MIT",
            "optional": true,
            "os": [
                "linux"
            ]
        },
        "node_modules/@rspack/binding-linux-x64-musl": {
            "version": "2.2.6",
            "resolved": "https://registry.npmjs.org/@rspack/binding-linux-x64-musl/-/binding-linux-x64-musl-2.2.6.tgz",
            "integrity": "sha512-614vRMr6VAqUXQm9TY7FCamcB08XJOv51WAwIlfEpoKTYxzNiQvrTYBYPgStUH20ywLwVoN6EJ++WCmHaebGWw==",
            "cpu": [
                "x64"
            ],
            "dev": true,
            "libc": [
                "musl"
            ],
            "license": "MIT",
            "optional": true,
            "os": [
                "linux"
            ]
        },
        "node_modules/@rspack/binding-wasm32-wasi": {
            "version": "2.2.6",
            "resolved": "https://registry.npmjs.org/@rspack/binding-wasm32-wasi/-/binding-wasm32-wasi-2.2.6.tgz",
            "integrity": "sha512-p995VmOEcHWPKw/Eek0CYUjmXWhfyWOPoKtE51Dy0/jqHcs7uRy53igDd277yHTuKCHibmwU+cjSKUe6b/aBZg==",
            "cpu": [
                "wasm32"
            ],
            "dev": true,
            "license": "MIT",
            "optional": true,
            "dependencies": {
                "@emnapi/core": "1.11.3",
                "@emnapi/runtime": "1.11.3",
                "@napi-rs/wasm-runtime": "1.1.6"
            }
        },
        "node_modules/@rspack/binding-win32-arm64-msvc": {
            "version": "2.2.6",
            "resolved": "https://registry.npmjs.org/@rspack/binding-win32-arm64-msvc/-/binding-win32-arm64-msvc-2.2.6.tgz",
            "integrity": "sha512-xC8nHMqVzQWqVW95HOcf9qTsM445ui7QNfUTDui6oTiHcBtsyfK1CEdXsc50bdi/FrJ2ueOps3M5gxbM8Ttl/A==",
            "cpu": [
                "arm64"
            ],
            "dev": true,
            "license": "MIT",
            "optional": true,
            "os": [
                "win32"
            ]
        },
        "node_modules/@rspack/binding-win32-ia32-msvc": {
            "version": "2.2.6",
            "resolved": "https://registry.npmjs.org/@rspack/binding-win32-ia32-msvc/-/binding-win32-ia32-msvc-2.2.6.tgz",
            "integrity": "sha512-sfqP/LSnMwAHpTA+Cfbkhvx/IvUr23Z7S+miOkaMT/j2XJYCBrPZK0ZYm8+LUNDQ2ij8/XCJT4pVpQbtc/SMPw==",
            "cpu": [
                "ia32"
            ],
            "dev": true,
            "license": "MIT",
            "optional": true,
            "os": [
                "win32"
            ]
        },
        "node_modules/@rspack/binding-win32-x64-msvc": {
            "version": "2.2.6",
            "resolved": "https://registry.npmjs.org/@rspack/binding-win32-x64-msvc/-/binding-win32-x64-msvc-2.2.6.tgz",
            "integrity": "sha512-b1ERY5QydZWJKA13AYsoMPZycG5AGoUc3sOMqLszO0gs84aMnLbK7lBiyeZCvEcHEa7gSFQlLQr9p+Xk7HPO4Q==",
            "cpu": [
                "x64"
            ],
            "dev": true,
            "license": "MIT",
            "optional": true,
            "os": [
                "win32"
            ]
        },
        "node_modules/@rspack/cli": {
            "version": "2.2.6",
            "resolved": "https://registry.npmjs.org/@rspack/cli/-/cli-2.2.6.tgz",
            "integrity": "sha512-A2Bb+5iGMrAp+YKgm3cN/3XfJfXed4GnoPlPRsjybyxrR+FyQmYMhxhKUfcQbD9JDHwXpQTOetwEBfzHSGJf+Q==",
            "dev": true,
            "license": "MIT",
            "bin": {
                "rspack": "bin/rspack.js"
            },
            "peerDependencies": {
                "@rspack/core": "^2.0.0-0",
                "@rspack/dev-server": "^2.0.0-0"
            },
            "peerDependenciesMeta": {
                "@rspack/dev-server": {
                    "optional": true
                }
            }
        },
        "node_modules/@rspack/core": {
            "version": "2.2.6",
            "resolved": "https://registry.npmjs.org/@rspack/core/-/core-2.2.6.tgz",
            "integrity": "sha512-sqN75Fgf6v3tCmt8GAG/rdcYHOUDv/YZbQf24YCGDoMLmdNlXCosCHkBYWI8qdLs9IqSnGt7XgbcA39Zilg6UQ==",
            "dev": true,
            "license": "MIT",
            "dependencies": {
                "@rspack/binding": "2.2.6"
            },
            "engines": {
                "node": "^20.19.0 || >=22.12.0"
            },
            "peerDependencies": {
                "@module-federation/runtime-tools": "^0.24.1 || ^2.0.0",
                "@swc/helpers": "^0.5.23"
            },
            "peerDependenciesMeta": {
                "@module-federation/runtime-tools": {
                    "optional": true
                },
                "@swc/helpers": {
                    "optional": true
                }
            }
        },
        "node_modules/@tybys/wasm-util": {
            "version": "0.10.4",
            "resolved": "https://registry.npmjs.org/@tybys/wasm-util/-/wasm-util-0.10.4.tgz",
            "integrity": "sha512-W3c4gRigFS0T/Ma4qIYF3GDAc5AQdHb1yL5znJT1Zv1YaD9Kitx656wBjvr19qbiosmZT8lWDM5BEMynUqX65A==",
            "dev": true,
            "license": "MIT",
            "optional": true,
            "dependencies": {
                "tslib": "^2.4.0"
            }
        },
        "node_modules/rust-wasmpack-loader": {
            "resolved": "../..",
            "link": true
        },
        "node_modules/tslib": {
            "version": "2.8.1",
            "resolved": "https://registry.npmjs.org/tslib/-/tslib-2.8.1.tgz",
            "integrity": "sha512-oJFu94HQb+KVduSUQL7wnpmqnfmLsOA/nAh6b6EH0wCEoK0/mPeXU6c3wKDV83MkOuHPRHtSXKKU99IBazS/2w==",
            "dev": true,
            "license": "0BSD",
            "optional": true
        },
        "node_modules/webpack-node-externals": {
            "version": "3.0.0",
            "resolved": "https://registry.npmjs.org/webpack-node-externals/-/webpack-node-externals-3.0.0.tgz",
            "integrity": "sha512-LnL6Z3GGDPht/AigwRh2dvL9PQPFQ8skEpVrWZXLWBYmqcaojHNN0onvHzie6rq7EWKrrBfPYqNEzTJgiwEQDQ==",
            "dev": true,
            "license": "MIT",
            "engines": {
                "node": ">=6"
            }
        }
    }
}
