{
    "name": "rspack",
    "lockfileVersion": 3,
    "requires": true,
    "packages": {
        "": {
            "devDependencies": {
                "@rspack/cli": "^2.1.1",
                "@rspack/core": "^2.1.1",
                "rust-wasmpack-loader": "file:../..",
                "webpack-node-externals": "^3.0.0"
            },
            "engines": {
                "node": ">=22.22.2"
            }
        },
        "../..": {
            "name": "rust-wasmpack-loader",
            "version": "4.3.0",
            "dev": true,
            "license": "MIT",
            "dependencies": {
                "json2toml": "^7.0.0",
                "loader-utils": "^3.3.1",
                "lodash": "^4.18.1",
                "schema-utils": "^4.3.3",
                "toml": "^4.1.1",
                "typescript": "^6.0.3",
                "wasm-pack": "^0.15.0",
                "which": "^7.0.0"
            },
            "bin": {
                "rust-wasmpack-loader": "bin/rust-wasmpack-loader.js"
            },
            "devDependencies": {
                "@eslint/js": "^9.39.4",
                "@types/bun": "^1.3.14",
                "eslint": "^9.39.4",
                "eslint-config-airbnb-extended": "^3.1.0",
                "eslint-config-prettier": "^10.1.8",
                "eslint-plugin-prettier": "^5.5.6",
                "globals": "^17.4.0",
                "npm-check-updates": "^22.2.7",
                "prettier": "^3.8.4",
                "prism-react-renderer": "^2.4.1"
            },
            "engines": {
                "node": ">=22.22.2"
            },
            "peerDependencies": {
                "@rspack/core": ">=1.0.0",
                "bun": "1.x.x",
                "electron": ">=20",
                "esbuild": ">=0.17.0",
                "next": ">=14",
                "rollup": ">=4.0.0",
                "vite": ">=5.0.0",
                "webpack": "^5.0.0"
            },
            "peerDependenciesMeta": {
                "@rspack/core": {
                    "optional": true
                },
                "bun": {
                    "optional": true
                },
                "electron": {
                    "optional": true
                },
                "esbuild": {
                    "optional": true
                },
                "next": {
                    "optional": true
                },
                "rollup": {
                    "optional": true
                },
                "vite": {
                    "optional": true
                },
                "webpack": {
                    "optional": true
                }
            }
        },
        "node_modules/@emnapi/core": {
            "version": "1.11.1",
            "resolved": "https://registry.npmjs.org/@emnapi/core/-/core-1.11.1.tgz",
            "integrity": "sha512-RSvbQmHzdKzNsLYa/wHrbc3KN4sYLKAdPZxqiM2HATqv/SBk2/ENSHpvXGaLOMcsAyz0poEGqkmmKYG3OWiJEQ==",
            "dev": true,
            "license": "MIT",
            "optional": true,
            "dependencies": {
                "@emnapi/wasi-threads": "1.2.2",
                "tslib": "^2.4.0"
            }
        },
        "node_modules/@emnapi/runtime": {
            "version": "1.11.1",
            "resolved": "https://registry.npmjs.org/@emnapi/runtime/-/runtime-1.11.1.tgz",
            "integrity": "sha512-vgj7R3y3Wgx24IQaGPA/R6YFXLHVMOZ0uVEyIQPaWs+rd1AzfEMXlAC22FYwO1XkKR6NPsq7mUandH8oIRdZFw==",
            "dev": true,
            "license": "MIT",
            "optional": true,
            "dependencies": {
                "tslib": "^2.4.0"
            }
        },
        "node_modules/@emnapi/wasi-threads": {
            "version": "1.2.2",
            "resolved": "https://registry.npmjs.org/@emnapi/wasi-threads/-/wasi-threads-1.2.2.tgz",
            "integrity": "sha512-c95qOXkHdydNKhscBTebqEC1CVAZpyqOfVfBzQ1qgzyl3gfeldUjIggDbIZgDKsHLgnsM+igH7TJ/eAasaVuMA==",
            "dev": true,
            "license": "MIT",
            "optional": true,
            "dependencies": {
                "tslib": "^2.4.0"
            }
        },
        "node_modules/@napi-rs/wasm-runtime": {
            "version": "1.1.5",
            "resolved": "https://registry.npmjs.org/@napi-rs/wasm-runtime/-/wasm-runtime-1.1.5.tgz",
            "integrity": "sha512-AWPoBRJ9tsnVhor4sjO7rkni+7p+2IAEFj6cx06UgP10jkQHqay/36uRV/bFkgrh18D9vb4cr8Q0Pthskgzy+Q==",
            "dev": true,
            "license": "MIT",
            "optional": true,
            "dependencies": {
                "@tybys/wasm-util": "^0.10.2"
            },
            "funding": {
                "type": "github",
                "url": "https://github.com/sponsors/Brooooooklyn"
            },
            "peerDependencies": {
                "@emnapi/core": "^1.7.1",
                "@emnapi/runtime": "^1.7.1"
            }
        },
        "node_modules/@rspack/binding": {
            "version": "2.1.1",
            "resolved": "https://registry.npmjs.org/@rspack/binding/-/binding-2.1.1.tgz",
            "integrity": "sha512-6062hZP33fn1w51ClpQnum19GGXl/3eS754xrRYbQ7wwBNZk94HVwfSyiqcNCtY/pB1lsFjnaTKiW/Q+jv0axQ==",
            "dev": true,
            "license": "MIT",
            "optionalDependencies": {
                "@rspack/binding-darwin-arm64": "2.1.1",
                "@rspack/binding-darwin-x64": "2.1.1",
                "@rspack/binding-linux-arm64-gnu": "2.1.1",
                "@rspack/binding-linux-arm64-musl": "2.1.1",
                "@rspack/binding-linux-riscv64-gnu": "2.1.1",
                "@rspack/binding-linux-riscv64-musl": "2.1.1",
                "@rspack/binding-linux-x64-gnu": "2.1.1",
                "@rspack/binding-linux-x64-musl": "2.1.1",
                "@rspack/binding-wasm32-wasi": "2.1.1",
                "@rspack/binding-win32-arm64-msvc": "2.1.1",
                "@rspack/binding-win32-ia32-msvc": "2.1.1",
                "@rspack/binding-win32-x64-msvc": "2.1.1"
            }
        },
        "node_modules/@rspack/binding-darwin-arm64": {
            "version": "2.1.1",
            "resolved": "https://registry.npmjs.org/@rspack/binding-darwin-arm64/-/binding-darwin-arm64-2.1.1.tgz",
            "integrity": "sha512-6K8jA3pZphBwLt5DU78wl0IzY1myHrqNSvFVCd9CHa+szlOwv2iMQpZdYdpupIBxwiZ39rrDyQKtoZw7lsAG8w==",
            "cpu": [
                "arm64"
            ],
            "dev": true,
            "license": "MIT",
            "optional": true,
            "os": [
                "darwin"
            ]
        },
        "node_modules/@rspack/binding-darwin-x64": {
            "version": "2.1.1",
            "resolved": "https://registry.npmjs.org/@rspack/binding-darwin-x64/-/binding-darwin-x64-2.1.1.tgz",
            "integrity": "sha512-RdqtEfIbSe5ucLNVvMac1k88UwmL4Gil8uXqlEFcSZ3VC2jTOkecadd+B0RYqJ+PirSInrRmKm1cr0740zppOA==",
            "cpu": [
                "x64"
            ],
            "dev": true,
            "license": "MIT",
            "optional": true,
            "os": [
                "darwin"
            ]
        },
        "node_modules/@rspack/binding-linux-arm64-gnu": {
            "version": "2.1.1",
            "resolved": "https://registry.npmjs.org/@rspack/binding-linux-arm64-gnu/-/binding-linux-arm64-gnu-2.1.1.tgz",
            "integrity": "sha512-ROKtqXoLpbZO1vYEcNxQg6COvRhdlJcoib1Z4pzG1nIyctEAUuFmnD7pIvJiVe6M7YuJNXW+1p0BhpptT2XEUQ==",
            "cpu": [
                "arm64"
            ],
            "dev": true,
            "license": "MIT",
            "optional": true,
            "os": [
                "linux"
            ]
        },
        "node_modules/@rspack/binding-linux-arm64-musl": {
            "version": "2.1.1",
            "resolved": "https://registry.npmjs.org/@rspack/binding-linux-arm64-musl/-/binding-linux-arm64-musl-2.1.1.tgz",
            "integrity": "sha512-QdQpG9dK0GfPASjBd/8rUwDNW0ShfFfYJfcoGLNTM6A8EqmgvWwklXDiCVF5dXALbZIksAuRznIKnLDsUoXi9Q==",
            "cpu": [
                "arm64"
            ],
            "dev": true,
            "license": "MIT",
            "optional": true,
            "os": [
                "linux"
            ]
        },
        "node_modules/@rspack/binding-linux-riscv64-gnu": {
            "version": "2.1.1",
            "resolved": "https://registry.npmjs.org/@rspack/binding-linux-riscv64-gnu/-/binding-linux-riscv64-gnu-2.1.1.tgz",
            "integrity": "sha512-LGdYCAvblZp2qtHk9UseYftIRyaBzSWqEzd1toaS08sYESXERm+YBbrYKKiyq1yXiU1L7BkhMUxiWc3GCYmKcA==",
            "cpu": [
                "riscv64"
            ],
            "dev": true,
            "license": "MIT",
            "optional": true,
            "os": [
                "linux"
            ]
        },
        "node_modules/@rspack/binding-linux-riscv64-musl": {
            "version": "2.1.1",
            "resolved": "https://registry.npmjs.org/@rspack/binding-linux-riscv64-musl/-/binding-linux-riscv64-musl-2.1.1.tgz",
            "integrity": "sha512-87phiiPGFT1p4gy3Oz6YdNijCPXdjJy43LFdE8AFiZsV4ChFXQPqnVCF2aMRLybYa51A+9wGYlTvxt09yUQUww==",
            "cpu": [
                "riscv64"
            ],
            "dev": true,
            "license": "MIT",
            "optional": true,
            "os": [
                "linux"
            ]
        },
        "node_modules/@rspack/binding-linux-x64-gnu": {
            "version": "2.1.1",
            "resolved": "https://registry.npmjs.org/@rspack/binding-linux-x64-gnu/-/binding-linux-x64-gnu-2.1.1.tgz",
            "integrity": "sha512-om0/PvZzxISsnyz3hdmI3xBi3Qsn6faRGrfp6WJpGHa5JYYaRVWz1MJ9fe+/cQE9ON9r32HpMOeuataCLv+Owg==",
            "cpu": [
                "x64"
            ],
            "dev": true,
            "license": "MIT",
            "optional": true,
            "os": [
                "linux"
            ]
        },
        "node_modules/@rspack/binding-linux-x64-musl": {
            "version": "2.1.1",
            "resolved": "https://registry.npmjs.org/@rspack/binding-linux-x64-musl/-/binding-linux-x64-musl-2.1.1.tgz",
            "integrity": "sha512-YgAyTOM5ZWvWT0Exwcg7QkGUv9PsHT4yIsEyJbH+a99uAKliGMwkHIOP/aJgrCF8G+lTfigY2wyl9cWo4TA4aw==",
            "cpu": [
                "x64"
            ],
            "dev": true,
            "license": "MIT",
            "optional": true,
            "os": [
                "linux"
            ]
        },
        "node_modules/@rspack/binding-wasm32-wasi": {
            "version": "2.1.1",
            "resolved": "https://registry.npmjs.org/@rspack/binding-wasm32-wasi/-/binding-wasm32-wasi-2.1.1.tgz",
            "integrity": "sha512-OicgaB3Dcd+KXsH/I3DkJG7XQyREJScg/jLkCtycFn9BhT0IVJvgi37F8QNJKl8Bp9YZIGehsqK9HpQWav6SLw==",
            "cpu": [
                "wasm32"
            ],
            "dev": true,
            "license": "MIT",
            "optional": true,
            "dependencies": {
                "@emnapi/core": "1.11.1",
                "@emnapi/runtime": "1.11.1",
                "@napi-rs/wasm-runtime": "1.1.5"
            }
        },
        "node_modules/@rspack/binding-win32-arm64-msvc": {
            "version": "2.1.1",
            "resolved": "https://registry.npmjs.org/@rspack/binding-win32-arm64-msvc/-/binding-win32-arm64-msvc-2.1.1.tgz",
            "integrity": "sha512-fwL4P3SsC0r/vVGgnmexnc4vkvf+9vWMcGw5fdlPBJNR/zWlZRSXR5V6eXcHrpYVLhBsLYvZYE3NZa9paIUGxw==",
            "cpu": [
                "arm64"
            ],
            "dev": true,
            "license": "MIT",
            "optional": true,
            "os": [
                "win32"
            ]
        },
        "node_modules/@rspack/binding-win32-ia32-msvc": {
            "version": "2.1.1",
            "resolved": "https://registry.npmjs.org/@rspack/binding-win32-ia32-msvc/-/binding-win32-ia32-msvc-2.1.1.tgz",
            "integrity": "sha512-j3BISXbjPyI57HeHxW9Jx+UP7RebNQ4t62uCbRP29caf9aghYJP+ZA5nJ2X7pol7N5Je2/V6WNahuNd0zQFDOA==",
            "cpu": [
                "ia32"
            ],
            "dev": true,
            "license": "MIT",
            "optional": true,
            "os": [
                "win32"
            ]
        },
        "node_modules/@rspack/binding-win32-x64-msvc": {
            "version": "2.1.1",
            "resolved": "https://registry.npmjs.org/@rspack/binding-win32-x64-msvc/-/binding-win32-x64-msvc-2.1.1.tgz",
            "integrity": "sha512-aPNNFuZT5iBM8+S9J4P5ywJbf3tUvZN3Ppe6mXJ8/jTVDUDhe0YVj3AgD/AuxnUvl+yHrLfQkN1nNwUfIcomfA==",
            "cpu": [
                "x64"
            ],
            "dev": true,
            "license": "MIT",
            "optional": true,
            "os": [
                "win32"
            ]
        },
        "node_modules/@rspack/cli": {
            "version": "2.1.1",
            "resolved": "https://registry.npmjs.org/@rspack/cli/-/cli-2.1.1.tgz",
            "integrity": "sha512-zsJFurwCDesy0dud7cejObagbbXsvKcQ6j485nmnytBsXV17Uf6XfedQMxnOXBZeGIel+I7Jl/Jp3Sn08TsZuw==",
            "dev": true,
            "license": "MIT",
            "bin": {
                "rspack": "bin/rspack.js"
            },
            "peerDependencies": {
                "@rspack/core": "^2.0.0-0",
                "@rspack/dev-server": "^2.0.0-0"
            },
            "peerDependenciesMeta": {
                "@rspack/dev-server": {
                    "optional": true
                }
            }
        },
        "node_modules/@rspack/core": {
            "version": "2.1.1",
            "resolved": "https://registry.npmjs.org/@rspack/core/-/core-2.1.1.tgz",
            "integrity": "sha512-Rgz6xZcD0rm7ejZhYNi13qvW2dSnIQQt/7D3xbYoT5hOU838JbkF0P3SAMFGKE+FyLZswnyRpxGfnYHZQqDmJA==",
            "dev": true,
            "license": "MIT",
            "dependencies": {
                "@rspack/binding": "2.1.1"
            },
            "engines": {
                "node": "^20.19.0 || >=22.12.0"
            },
            "peerDependencies": {
                "@module-federation/runtime-tools": "^0.24.1 || ^2.0.0",
                "@swc/helpers": "^0.5.23"
            },
            "peerDependenciesMeta": {
                "@module-federation/runtime-tools": {
                    "optional": true
                },
                "@swc/helpers": {
                    "optional": true
                }
            }
        },
        "node_modules/@tybys/wasm-util": {
            "version": "0.10.3",
            "resolved": "https://registry.npmjs.org/@tybys/wasm-util/-/wasm-util-0.10.3.tgz",
            "integrity": "sha512-F3fo1MYrRJYL3zER0OUOmkutjr1Vp23m7OsSgp7nq4SP6OqX6C/56XFIPAl5bt3zaBRjmW7SGz3u/6LwFpYcOg==",
            "dev": true,
            "license": "MIT",
            "optional": true,
            "dependencies": {
                "tslib": "^2.4.0"
            }
        },
        "node_modules/rust-wasmpack-loader": {
            "resolved": "../..",
            "link": true
        },
        "node_modules/tslib": {
            "version": "2.8.1",
            "resolved": "https://registry.npmjs.org/tslib/-/tslib-2.8.1.tgz",
            "integrity": "sha512-oJFu94HQb+KVduSUQL7wnpmqnfmLsOA/nAh6b6EH0wCEoK0/mPeXU6c3wKDV83MkOuHPRHtSXKKU99IBazS/2w==",
            "dev": true,
            "license": "0BSD",
            "optional": true
        },
        "node_modules/webpack-node-externals": {
            "version": "3.0.0",
            "resolved": "https://registry.npmjs.org/webpack-node-externals/-/webpack-node-externals-3.0.0.tgz",
            "integrity": "sha512-LnL6Z3GGDPht/AigwRh2dvL9PQPFQ8skEpVrWZXLWBYmqcaojHNN0onvHzie6rq7EWKrrBfPYqNEzTJgiwEQDQ==",
            "dev": true,
            "license": "MIT",
            "engines": {
                "node": ">=6"
            }
        }
    }
}
